
Microsoft Visual Studio Solution File, Format Version 12.00
# Visual Studio Version 17
VisualStudioVersion = 17.7.34202.233
MinimumVisualStudioVersion = 10.0.40219.1
Project("{FAE04EC0-301F-11D3-BF4B-00C04F79EFBC}") = "FirstStep", "FirstStep.csproj", "{0F818099-7ADC-454B-9915-474071C5409E}"
EndProject
Global
	GlobalSection(SolutionConfigurationPlatforms) = preSolution
		Debug|Any CPU = Debug|Any CPU
		Release|Any CPU = Release|Any CPU
	EndGlobalSection
	GlobalSection(ProjectConfigurationPlatforms) = postSolution
		{0F818099-7ADC-454B-9915-474071C5409E}.Debug|Any CPU.ActiveCfg = Debug|Any CPU
		{0F818099-7ADC-454B-9915-474071C5409E}.Debug|Any CPU.Build.0 = Debug|Any CPU
		{0F818099-7ADC-454B-9915-474071C5409E}.Release|Any CPU.ActiveCfg = Release|Any CPU
		{0F818099-7ADC-454B-9915-474071C5409E}.Release|Any CPU.Build.0 = Release|Any CPU
	EndGlobalSection
	GlobalSection(SolutionProperties) = preSolution
		HideSolutionNode = FALSE
	EndGlobalSection
	GlobalSection(ExtensibilityGlobals) = postSolution
		SolutionGuid = {12D4339E-A326-4F7C-BD26-00CCC4249429}
	EndGlobalSection
EndGlobal
